
Microsoft Visual Studio Solution File, Format Version 12.00
# Visual Studio 15
VisualStudioVersion = 15.0.27428.2037
MinimumVisualStudioVersion = 10.0.40219.1
Project("{FAE04EC0-301F-11D3-BF4B-00C04F79EFBC}") = "ProjectFilesCopier", "ProjectFilesCopier\ProjectFilesCopier.csproj", "{4CC44884-3204-4421-AD13-1102385C2B2A}"
EndProject
Global
	GlobalSection(SolutionConfigurationPlatforms) = preSolution
		Debug|Any CPU = Debug|Any CPU
		Release|Any CPU = Release|Any CPU
	EndGlobalSection
	GlobalSection(ProjectConfigurationPlatforms) = postSolution
		{4CC44884-3204-4421-AD13-1102385C2B2A}.Debug|Any CPU.ActiveCfg = Debug|Any CPU
		{4CC44884-3204-4421-AD13-1102385C2B2A}.Debug|Any CPU.Build.0 = Debug|Any CPU
		{4CC44884-3204-4421-AD13-1102385C2B2A}.Release|Any CPU.ActiveCfg = Release|Any CPU
		{4CC44884-3204-4421-AD13-1102385C2B2A}.Release|Any CPU.Build.0 = Release|Any CPU
	EndGlobalSection
	GlobalSection(SolutionProperties) = preSolution
		HideSolutionNode = FALSE
	EndGlobalSection
	GlobalSection(ExtensibilityGlobals) = postSolution
		SolutionGuid = {63B1BFF8-0765-4EE0-B5CC-755B23F6EF09}
	EndGlobalSection
EndGlobal
